Microsoft Visual Studio Solution File, Format Version 12.00
# Visual Studio 2012
Project("{FAE04EC0-301F-11D3-BF4B-00C04F79EFBC}") = "New Game Project", "New Game Project.csproj", "{1D2A021F-B2B3-4A09-93A4-78BD2DE6DEFB}"
EndProject
Global
	GlobalSection(SolutionConfigurationPlatforms) = preSolution
	Debug|Any CPU = Debug|Any CPU
	ExportDebug|Any CPU = ExportDebug|Any CPU
	ExportRelease|Any CPU = ExportRelease|Any CPU
	EndGlobalSection
	GlobalSection(ProjectConfigurationPlatforms) = postSolution
		{1D2A021F-B2B3-4A09-93A4-78BD2DE6DEFB}.Debug|Any CPU.ActiveCfg = Debug|Any CPU
		{1D2A021F-B2B3-4A09-93A4-78BD2DE6DEFB}.Debug|Any CPU.Build.0 = Debug|Any CPU
		{1D2A021F-B2B3-4A09-93A4-78BD2DE6DEFB}.ExportDebug|Any CPU.ActiveCfg = ExportDebug|Any CPU
		{1D2A021F-B2B3-4A09-93A4-78BD2DE6DEFB}.ExportDebug|Any CPU.Build.0 = ExportDebug|Any CPU
		{1D2A021F-B2B3-4A09-93A4-78BD2DE6DEFB}.ExportRelease|Any CPU.ActiveCfg = ExportRelease|Any CPU
		{1D2A021F-B2B3-4A09-93A4-78BD2DE6DEFB}.ExportRelease|Any CPU.Build.0 = ExportRelease|Any CPU
	EndGlobalSection
EndGlobal
